
Microsoft Visual Studio Solution File, Format Version 12.00
# Visual Studio 14
VisualStudioVersion = 14.0.23107.0
MinimumVisualStudioVersion = 10.0.40219.1
Project("{FAE04EC0-301F-11D3-BF4B-00C04F79EFBC}") = "Todo", "Todo\Todo.csproj", "{5F610EA1-9E35-4870-AE9B-5E18B4B4D5B8}"
EndProject
Project("{2150E333-8FDC-42A3-9474-1A3956D46DE8}") = "Targets", "Targets", "{205F34F1-DBEC-46B8-A6E5-7C2BAB70DD0C}"
EndProject
Project("{FAE04EC0-301F-11D3-BF4B-00C04F79EFBC}") = "Todo.iOS", "Todo.iOS\Todo.iOS.csproj", "{1902913C-BB6F-4CCB-9B90-1D0CAEECAF12}"
EndProject
Project("{9344BDBB-3E7F-41FC-A0DD-8665D75EE146}") = "Todo.Android", "Todo.Android\Todo.Android.csproj", "{8B1492F4-6C8C-4342-8157-C7F0E4BDA042}"
EndProject
Project("{9344BDBB-3E7F-41FC-A0DD-8665D75EE146}") = "Todo.WinPhone", "Todo.WinPhone\Todo.WinPhone.csproj", "{EA9A8E85-172C-4CAE-8C6B-50A6BF50E529}"
EndProject
Project("{9344BDBB-3E7F-41FC-A0DD-8665D75EE146}") = "Todo.Windows", "Todo.Windows\Todo.Windows.csproj", "{480FBB73-28F7-494C-BD2E-7588EB9ED68D}"
EndProject
Project("{9344BDBB-3E7F-41FC-A0DD-8665D75EE146}") = "Todo.WinPhone81", "Todo.WinPhone81\Todo.WinPhone81.csproj", "{C2EAE0C5-61F4-4601-B672-410B561637CF}"
EndProject
Project("{9344BDBB-3E7F-41FC-A0DD-8665D75EE146}") = "Todo.UWP", "Todo.UWP\Todo.UWP.csproj", "{266B4BC1-65ED-457E-8EBB-06BD51FBF152}"
EndProject
Global
	GlobalSection(SolutionConfigurationPlatforms) = preSolution
		Ad-Hoc|Any CPU = Ad-Hoc|Any CPU
		Ad-Hoc|ARM = Ad-Hoc|ARM
		Ad-Hoc|iPhone = Ad-Hoc|iPhone
		Ad-Hoc|iPhoneSimulator = Ad-Hoc|iPhoneSimulator
		Ad-Hoc|Mixed Platforms = Ad-Hoc|Mixed Platforms
		Ad-Hoc|x64 = Ad-Hoc|x64
		Ad-Hoc|x86 = Ad-Hoc|x86
		AppStore|Any CPU = AppStore|Any CPU
		AppStore|ARM = AppStore|ARM
		AppStore|iPhone = AppStore|iPhone
		AppStore|iPhoneSimulator = AppStore|iPhoneSimulator
		AppStore|Mixed Platforms = AppStore|Mixed Platforms
		AppStore|x64 = AppStore|x64
		AppStore|x86 = AppStore|x86
		Debug|Any CPU = Debug|Any CPU
		Debug|ARM = Debug|ARM
		Debug|iPhone = Debug|iPhone
		Debug|iPhoneSimulator = Debug|iPhoneSimulator
		Debug|Mixed Platforms = Debug|Mixed Platforms
		Debug|x64 = Debug|x64
		Debug|x86 = Debug|x86
		Release|Any CPU = Release|Any CPU
		Release|ARM = Release|ARM
		Release|iPhone = Release|iPhone
		Release|iPhoneSimulator = Release|iPhoneSimulator
		Release|Mixed Platforms = Release|Mixed Platforms
		Release|x64 = Release|x64
		Release|x86 = Release|x86
	EndGlobalSection
	GlobalSection(ProjectConfigurationPlatforms) = postSolution
		{5F610EA1-9E35-4870-AE9B-5E18B4B4D5B8}.Ad-Hoc|Any CPU.ActiveCfg = Release|Any CPU
		{5F610EA1-9E35-4870-AE9B-5E18B4B4D5B8}.Ad-Hoc|ARM.ActiveCfg = Debug|Any CPU
		{5F610EA1-9E35-4870-AE9B-5E18B4B4D5B8}.Ad-Hoc|iPhone.ActiveCfg = Debug|Any CPU
		{5F610EA1-9E35-4870-AE9B-5E18B4B4D5B8}.Ad-Hoc|iPhone.Build.0 = Debug|Any CPU
		{5F610EA1-9E35-4870-AE9B-5E18B4B4D5B8}.Ad-Hoc|iPhoneSimulator.ActiveCfg = Release|Any CPU
		{5F610EA1-9E35-4870-AE9B-5E18B4B4D5B8}.Ad-Hoc|Mixed Platforms.ActiveCfg = Debug|Any CPU
		{5F610EA1-9E35-4870-AE9B-5E18B4B4D5B8}.Ad-Hoc|Mixed Platforms.Build.0 = Debug|Any CPU
		{5F610EA1-9E35-4870-AE9B-5E18B4B4D5B8}.Ad-Hoc|x64.ActiveCfg = Debug|Any CPU
		{5F610EA1-9E35-4870-AE9B-5E18B4B4D5B8}.Ad-Hoc|x64.Build.0 = Debug|Any CPU
		{5F610EA1-9E35-4870-AE9B-5E18B4B4D5B8}.Ad-Hoc|x86.ActiveCfg = Debug|Any CPU
		{5F610EA1-9E35-4870-AE9B-5E18B4B4D5B8}.AppStore|Any CPU.ActiveCfg = Release|Any CPU
		{5F610EA1-9E35-4870-AE9B-5E18B4B4D5B8}.AppStore|ARM.ActiveCfg = Debug|Any CPU
		{5F610EA1-9E35-4870-AE9B-5E18B4B4D5B8}.AppStore|iPhone.ActiveCfg = Debug|Any CPU
		{5F610EA1-9E35-4870-AE9B-5E18B4B4D5B8}.AppStore|iPhone.Build.0 = Debug|Any CPU
		{5F610EA1-9E35-4870-AE9B-5E18B4B4D5B8}.AppStore|iPhoneSimulator.ActiveCfg = Release|Any CPU
		{5F610EA1-9E35-4870-AE9B-5E18B4B4D5B8}.AppStore|Mixed Platforms.ActiveCfg = Debug|Any CPU
		{5F610EA1-9E35-4870-AE9B-5E18B4B4D5B8}.AppStore|Mixed Platforms.Build.0 = Debug|Any CPU
		{5F610EA1-9E35-4870-AE9B-5E18B4B4D5B8}.AppStore|x64.ActiveCfg = Debug|Any CPU
		{5F610EA1-9E35-4870-AE9B-5E18B4B4D5B8}.AppStore|x64.Build.0 = Debug|Any CPU
		{5F610EA1-9E35-4870-AE9B-5E18B4B4D5B8}.AppStore|x86.ActiveCfg = Debug|Any CPU
		{5F610EA1-9E35-4870-AE9B-5E18B4B4D5B8}.Debug|Any CPU.ActiveCfg = Debug|Any CPU
		{5F610EA1-9E35-4870-AE9B-5E18B4B4D5B8}.Debug|Any CPU.Build.0 = Debug|Any CPU
		{5F610EA1-9E35-4870-AE9B-5E18B4B4D5B8}.Debug|ARM.ActiveCfg = Debug|Any CPU
		{5F610EA1-9E35-4870-AE9B-5E18B4B4D5B8}.Debug|iPhone.ActiveCfg = Debug|Any CPU
		{5F610EA1-9E35-4870-AE9B-5E18B4B4D5B8}.Debug|iPhone.Build.0 = Debug|Any CPU
		{5F610EA1-9E35-4870-AE9B-5E18B4B4D5B8}.Debug|iPhoneSimulator.ActiveCfg = Debug|Any CPU
		{5F610EA1-9E35-4870-AE9B-5E18B4B4D5B8}.Debug|iPhoneSimulator.Build.0 = Debug|Any CPU
		{5F610EA1-9E35-4870-AE9B-5E18B4B4D5B8}.Debug|Mixed Platforms.ActiveCfg = Debug|Any CPU
		{5F610EA1-9E35-4870-AE9B-5E18B4B4D5B8}.Debug|Mixed Platforms.Build.0 = Debug|Any CPU
		{5F610EA1-9E35-4870-AE9B-5E18B4B4D5B8}.Debug|x64.ActiveCfg = Debug|Any CPU
		{5F610EA1-9E35-4870-AE9B-5E18B4B4D5B8}.Debug|x64.Build.0 = Debug|Any CPU
		{5F610EA1-9E35-4870-AE9B-5E18B4B4D5B8}.Debug|x86.ActiveCfg = Debug|Any CPU
		{5F610EA1-9E35-4870-AE9B-5E18B4B4D5B8}.Debug|x86.Build.0 = Debug|Any CPU
		{5F610EA1-9E35-4870-AE9B-5E18B4B4D5B8}.Release|Any CPU.ActiveCfg = Release|Any CPU
		{5F610EA1-9E35-4870-AE9B-5E18B4B4D5B8}.Release|Any CPU.Build.0 = Release|Any CPU
		{5F610EA1-9E35-4870-AE9B-5E18B4B4D5B8}.Release|ARM.ActiveCfg = Release|Any CPU
		{5F610EA1-9E35-4870-AE9B-5E18B4B4D5B8}.Release|iPhone.ActiveCfg = Release|Any CPU
		{5F610EA1-9E35-4870-AE9B-5E18B4B4D5B8}.Release|iPhone.Build.0 = Release|Any CPU
		{5F610EA1-9E35-4870-AE9B-5E18B4B4D5B8}.Release|iPhoneSimulator.ActiveCfg = Release|Any CPU
		{5F610EA1-9E35-4870-AE9B-5E18B4B4D5B8}.Release|iPhoneSimulator.Build.0 = Release|Any CPU
		{5F610EA1-9E35-4870-AE9B-5E18B4B4D5B8}.Release|Mixed Platforms.ActiveCfg = Release|Any CPU
		{5F610EA1-9E35-4870-AE9B-5E18B4B4D5B8}.Release|Mixed Platforms.Build.0 = Release|Any CPU
		{5F610EA1-9E35-4870-AE9B-5E18B4B4D5B8}.Release|x64.ActiveCfg = Release|Any CPU
		{5F610EA1-9E35-4870-AE9B-5E18B4B4D5B8}.Release|x64.Build.0 = Release|Any CPU
		{5F610EA1-9E35-4870-AE9B-5E18B4B4D5B8}.Release|x86.ActiveCfg = Release|Any CPU
		{1902913C-BB6F-4CCB-9B90-1D0CAEECAF12}.Ad-Hoc|Any CPU.ActiveCfg = Ad-Hoc|iPhone
		{1902913C-BB6F-4CCB-9B90-1D0CAEECAF12}.Ad-Hoc|ARM.ActiveCfg = Ad-Hoc|iPhoneSimulator
		{1902913C-BB6F-4CCB-9B90-1D0CAEECAF12}.Ad-Hoc|iPhone.ActiveCfg = Ad-Hoc|iPhone
		{1902913C-BB6F-4CCB-9B90-1D0CAEECAF12}.Ad-Hoc|iPhone.Build.0 = Ad-Hoc|iPhone
		{1902913C-BB6F-4CCB-9B90-1D0CAEECAF12}.Ad-Hoc|iPhoneSimulator.ActiveCfg = Ad-Hoc|iPhone
		{1902913C-BB6F-4CCB-9B90-1D0CAEECAF12}.Ad-Hoc|Mixed Platforms.ActiveCfg = Ad-Hoc|iPhoneSimulator
		{1902913C-BB6F-4CCB-9B90-1D0CAEECAF12}.Ad-Hoc|Mixed Platforms.Build.0 = Ad-Hoc|iPhoneSimulator
		{1902913C-BB6F-4CCB-9B90-1D0CAEECAF12}.Ad-Hoc|Mixed Platforms.Deploy.0 = Ad-Hoc|iPhoneSimulator
		{1902913C-BB6F-4CCB-9B90-1D0CAEECAF12}.Ad-Hoc|x64.ActiveCfg = Ad-Hoc|iPhoneSimulator
		{1902913C-BB6F-4CCB-9B90-1D0CAEECAF12}.Ad-Hoc|x86.ActiveCfg = Ad-Hoc|iPhoneSimulator
		{1902913C-BB6F-4CCB-9B90-1D0CAEECAF12}.AppStore|Any CPU.ActiveCfg = AppStore|iPhone
		{1902913C-BB6F-4CCB-9B90-1D0CAEECAF12}.AppStore|ARM.ActiveCfg = AppStore|iPhoneSimulator
		{1902913C-BB6F-4CCB-9B90-1D0CAEECAF12}.AppStore|iPhone.ActiveCfg = AppStore|iPhone
		{1902913C-BB6F-4CCB-9B90-1D0CAEECAF12}.AppStore|iPhone.Build.0 = AppStore|iPhone
		{1902913C-BB6F-4CCB-9B90-1D0CAEECAF12}.AppStore|iPhoneSimulator.ActiveCfg = AppStore|iPhone
		{1902913C-BB6F-4CCB-9B90-1D0CAEECAF12}.AppStore|Mixed Platforms.ActiveCfg = AppStore|iPhoneSimulator
		{1902913C-BB6F-4CCB-9B90-1D0CAEECAF12}.AppStore|Mixed Platforms.Build.0 = AppStore|iPhoneSimulator
		{1902913C-BB6F-4CCB-9B90-1D0CAEECAF12}.AppStore|Mixed Platforms.Deploy.0 = AppStore|iPhoneSimulator
		{1902913C-BB6F-4CCB-9B90-1D0CAEECAF12}.AppStore|x64.ActiveCfg = AppStore|iPhoneSimulator
		{1902913C-BB6F-4CCB-9B90-1D0CAEECAF12}.AppStore|x86.ActiveCfg = AppStore|iPhoneSimulator
		{1902913C-BB6F-4CCB-9B90-1D0CAEECAF12}.Debug|Any CPU.ActiveCfg = Debug|iPhoneSimulator
		{1902913C-BB6F-4CCB-9B90-1D0CAEECAF12}.Debug|Any CPU.Build.0 = Debug|iPhoneSimulator
		{1902913C-BB6F-4CCB-9B90-1D0CAEECAF12}.Debug|ARM.ActiveCfg = Debug|iPhone
		{1902913C-BB6F-4CCB-9B90-1D0CAEECAF12}.Debug|iPhone.ActiveCfg = Debug|iPhone
		{1902913C-BB6F-4CCB-9B90-1D0CAEECAF12}.Debug|iPhone.Build.0 = Debug|iPhone
		{1902913C-BB6F-4CCB-9B90-1D0CAEECAF12}.Debug|iPhoneSimulator.ActiveCfg = Debug|iPhoneSimulator
		{1902913C-BB6F-4CCB-9B90-1D0CAEECAF12}.Debug|iPhoneSimulator.Build.0 = Debug|iPhoneSimulator
		{1902913C-BB6F-4CCB-9B90-1D0CAEECAF12}.Debug|Mixed Platforms.ActiveCfg = Debug|iPhone
		{1902913C-BB6F-4CCB-9B90-1D0CAEECAF12}.Debug|Mixed Platforms.Build.0 = Debug|iPhone
		{1902913C-BB6F-4CCB-9B90-1D0CAEECAF12}.Debug|Mixed Platforms.Deploy.0 = Debug|iPhone
		{1902913C-BB6F-4CCB-9B90-1D0CAEECAF12}.Debug|x64.ActiveCfg = Debug|iPhone
		{1902913C-BB6F-4CCB-9B90-1D0CAEECAF12}.Debug|x86.ActiveCfg = Debug|iPhone
		{1902913C-BB6F-4CCB-9B90-1D0CAEECAF12}.Release|Any CPU.ActiveCfg = Release|iPhoneSimulator
		{1902913C-BB6F-4CCB-9B90-1D0CAEECAF12}.Release|Any CPU.Build.0 = Release|iPhoneSimulator
		{1902913C-BB6F-4CCB-9B90-1D0CAEECAF12}.Release|ARM.ActiveCfg = Release|iPhone
		{1902913C-BB6F-4CCB-9B90-1D0CAEECAF12}.Release|iPhone.ActiveCfg = Release|iPhone
		{1902913C-BB6F-4CCB-9B90-1D0CAEECAF12}.Release|iPhone.Build.0 = Release|iPhone
		{1902913C-BB6F-4CCB-9B90-1D0CAEECAF12}.Release|iPhoneSimulator.ActiveCfg = Release|iPhoneSimulator
		{1902913C-BB6F-4CCB-9B90-1D0CAEECAF12}.Release|iPhoneSimulator.Build.0 = Release|iPhoneSimulator
		{1902913C-BB6F-4CCB-9B90-1D0CAEECAF12}.Release|Mixed Platforms.ActiveCfg = Release|iPhone
		{1902913C-BB6F-4CCB-9B90-1D0CAEECAF12}.Release|Mixed Platforms.Build.0 = Release|iPhone
		{1902913C-BB6F-4CCB-9B90-1D0CAEECAF12}.Release|Mixed Platforms.Deploy.0 = Release|iPhone
		{1902913C-BB6F-4CCB-9B90-1D0CAEECAF12}.Release|x64.ActiveCfg = Release|iPhone
		{1902913C-BB6F-4CCB-9B90-1D0CAEECAF12}.Release|x86.ActiveCfg = Release|iPhone
		{8B1492F4-6C8C-4342-8157-C7F0E4BDA042}.Ad-Hoc|Any CPU.ActiveCfg = Debug|Any CPU
		{8B1492F4-6C8C-4342-8157-C7F0E4BDA042}.Ad-Hoc|ARM.ActiveCfg = Release|Any CPU
		{8B1492F4-6C8C-4342-8157-C7F0E4BDA042}.Ad-Hoc|iPhone.ActiveCfg = Release|Any CPU
		{8B1492F4-6C8C-4342-8157-C7F0E4BDA042}.Ad-Hoc|iPhone.Build.0 = Release|Any CPU
		{8B1492F4-6C8C-4342-8157-C7F0E4BDA042}.Ad-Hoc|iPhoneSimulator.ActiveCfg = Debug|Any CPU
		{8B1492F4-6C8C-4342-8157-C7F0E4BDA042}.Ad-Hoc|Mixed Platforms.ActiveCfg = Release|Any CPU
		{8B1492F4-6C8C-4342-8157-C7F0E4BDA042}.Ad-Hoc|Mixed Platforms.Build.0 = Release|Any CPU
		{8B1492F4-6C8C-4342-8157-C7F0E4BDA042}.Ad-Hoc|Mixed Platforms.Deploy.0 = Release|Any CPU
		{8B1492F4-6C8C-4342-8157-C7F0E4BDA042}.Ad-Hoc|x64.ActiveCfg = Release|Any CPU
		{8B1492F4-6C8C-4342-8157-C7F0E4BDA042}.Ad-Hoc|x64.Build.0 = Release|Any CPU
		{8B1492F4-6C8C-4342-8157-C7F0E4BDA042}.Ad-Hoc|x64.Deploy.0 = Release|Any CPU
		{8B1492F4-6C8C-4342-8157-C7F0E4BDA042}.Ad-Hoc|x86.ActiveCfg = Release|Any CPU
		{8B1492F4-6C8C-4342-8157-C7F0E4BDA042}.AppStore|Any CPU.ActiveCfg = Debug|Any CPU
		{8B1492F4-6C8C-4342-8157-C7F0E4BDA042}.AppStore|ARM.ActiveCfg = Release|Any CPU
		{8B1492F4-6C8C-4342-8157-C7F0E4BDA042}.AppStore|iPhone.ActiveCfg = Release|Any CPU
		{8B1492F4-6C8C-4342-8157-C7F0E4BDA042}.AppStore|iPhone.Build.0 = Release|Any CPU
		{8B1492F4-6C8C-4342-8157-C7F0E4BDA042}.AppStore|iPhoneSimulator.ActiveCfg = Debug|Any CPU
		{8B1492F4-6C8C-4342-8157-C7F0E4BDA042}.AppStore|Mixed Platforms.ActiveCfg = Release|Any CPU
		{8B1492F4-6C8C-4342-8157-C7F0E4BDA042}.AppStore|Mixed Platforms.Build.0 = Release|Any CPU
		{8B1492F4-6C8C-4342-8157-C7F0E4BDA042}.AppStore|Mixed Platforms.Deploy.0 = Release|Any CPU
		{8B1492F4-6C8C-4342-8157-C7F0E4BDA042}.AppStore|x64.ActiveCfg = Release|Any CPU
		{8B1492F4-6C8C-4342-8157-C7F0E4BDA042}.AppStore|x64.Build.0 = Release|Any CPU
		{8B1492F4-6C8C-4342-8157-C7F0E4BDA042}.AppStore|x64.Deploy.0 = Release|Any CPU
		{8B1492F4-6C8C-4342-8157-C7F0E4BDA042}.AppStore|x86.ActiveCfg = Release|Any CPU
		{8B1492F4-6C8C-4342-8157-C7F0E4BDA042}.Debug|Any CPU.ActiveCfg = Debug|Any CPU
		{8B1492F4-6C8C-4342-8157-C7F0E4BDA042}.Debug|Any CPU.Build.0 = Debug|Any CPU
		{8B1492F4-6C8C-4342-8157-C7F0E4BDA042}.Debug|ARM.ActiveCfg = Debug|Any CPU
		{8B1492F4-6C8C-4342-8157-C7F0E4BDA042}.Debug|iPhone.ActiveCfg = Debug|Any CPU
		{8B1492F4-6C8C-4342-8157-C7F0E4BDA042}.Debug|iPhone.Build.0 = Debug|Any CPU
		{8B1492F4-6C8C-4342-8157-C7F0E4BDA042}.Debug|iPhoneSimulator.ActiveCfg = Debug|Any CPU
		{8B1492F4-6C8C-4342-8157-C7F0E4BDA042}.Debug|iPhoneSimulator.Build.0 = Debug|Any CPU
		{8B1492F4-6C8C-4342-8157-C7F0E4BDA042}.Debug|Mixed Platforms.ActiveCfg = Debug|Any CPU
		{8B1492F4-6C8C-4342-8157-C7F0E4BDA042}.Debug|Mixed Platforms.Build.0 = Debug|Any CPU
		{8B1492F4-6C8C-4342-8157-C7F0E4BDA042}.Debug|Mixed Platforms.Deploy.0 = Debug|Any CPU
		{8B1492F4-6C8C-4342-8157-C7F0E4BDA042}.Debug|x64.ActiveCfg = Debug|Any CPU
		{8B1492F4-6C8C-4342-8157-C7F0E4BDA042}.Debug|x64.Build.0 = Debug|Any CPU
		{8B1492F4-6C8C-4342-8157-C7F0E4BDA042}.Debug|x64.Deploy.0 = Debug|Any CPU
		{8B1492F4-6C8C-4342-8157-C7F0E4BDA042}.Debug|x86.ActiveCfg = Debug|Any CPU
		{8B1492F4-6C8C-4342-8157-C7F0E4BDA042}.Release|Any CPU.ActiveCfg = Release|Any CPU
		{8B1492F4-6C8C-4342-8157-C7F0E4BDA042}.Release|Any CPU.Build.0 = Release|Any CPU
		{8B1492F4-6C8C-4342-8157-C7F0E4BDA042}.Release|ARM.ActiveCfg = Release|Any CPU
		{8B1492F4-6C8C-4342-8157-C7F0E4BDA042}.Release|iPhone.ActiveCfg = Release|Any CPU
		{8B1492F4-6C8C-4342-8157-C7F0E4BDA042}.Release|iPhone.Build.0 = Release|Any CPU
		{8B1492F4-6C8C-4342-8157-C7F0E4BDA042}.Release|iPhoneSimulator.ActiveCfg = Release|Any CPU
		{8B1492F4-6C8C-4342-8157-C7F0E4BDA042}.Release|iPhoneSimulator.Build.0 = Release|Any CPU
		{8B1492F4-6C8C-4342-8157-C7F0E4BDA042}.Release|Mixed Platforms.ActiveCfg = Release|Any CPU
		{8B1492F4-6C8C-4342-8157-C7F0E4BDA042}.Release|Mixed Platforms.Build.0 = Release|Any CPU
		{8B1492F4-6C8C-4342-8157-C7F0E4BDA042}.Release|Mixed Platforms.Deploy.0 = Release|Any CPU
		{8B1492F4-6C8C-4342-8157-C7F0E4BDA042}.Release|x64.ActiveCfg = Release|Any CPU
		{8B1492F4-6C8C-4342-8157-C7F0E4BDA042}.Release|x64.Build.0 = Release|Any CPU
		{8B1492F4-6C8C-4342-8157-C7F0E4BDA042}.Release|x64.Deploy.0 = Release|Any CPU
		{8B1492F4-6C8C-4342-8157-C7F0E4BDA042}.Release|x86.ActiveCfg = Release|Any CPU
		{EA9A8E85-172C-4CAE-8C6B-50A6BF50E529}.Ad-Hoc|Any CPU.ActiveCfg = Release|Any CPU
		{EA9A8E85-172C-4CAE-8C6B-50A6BF50E529}.Ad-Hoc|Any CPU.Build.0 = Release|Any CPU
		{EA9A8E85-172C-4CAE-8C6B-50A6BF50E529}.Ad-Hoc|Any CPU.Deploy.0 = Release|Any CPU
		{EA9A8E85-172C-4CAE-8C6B-50A6BF50E529}.Ad-Hoc|ARM.ActiveCfg = Release|ARM
		{EA9A8E85-172C-4CAE-8C6B-50A6BF50E529}.Ad-Hoc|ARM.Build.0 = Release|ARM
		{EA9A8E85-172C-4CAE-8C6B-50A6BF50E529}.Ad-Hoc|ARM.Deploy.0 = Release|ARM
		{EA9A8E85-172C-4CAE-8C6B-50A6BF50E529}.Ad-Hoc|iPhone.ActiveCfg = Release|Any CPU
		{EA9A8E85-172C-4CAE-8C6B-50A6BF50E529}.Ad-Hoc|iPhoneSimulator.ActiveCfg = Release|Any CPU
		{EA9A8E85-172C-4CAE-8C6B-50A6BF50E529}.Ad-Hoc|Mixed Platforms.ActiveCfg = Release|x86
		{EA9A8E85-172C-4CAE-8C6B-50A6BF50E529}.Ad-Hoc|Mixed Platforms.Build.0 = Release|x86
		{EA9A8E85-172C-4CAE-8C6B-50A6BF50E529}.Ad-Hoc|Mixed Platforms.Deploy.0 = Release|x86
		{EA9A8E85-172C-4CAE-8C6B-50A6BF50E529}.Ad-Hoc|x64.ActiveCfg = Debug|Any CPU
		{EA9A8E85-172C-4CAE-8C6B-50A6BF50E529}.Ad-Hoc|x86.ActiveCfg = Release|x86
		{EA9A8E85-172C-4CAE-8C6B-50A6BF50E529}.Ad-Hoc|x86.Build.0 = Release|x86
		{EA9A8E85-172C-4CAE-8C6B-50A6BF50E529}.Ad-Hoc|x86.Deploy.0 = Release|x86
		{EA9A8E85-172C-4CAE-8C6B-50A6BF50E529}.AppStore|Any CPU.ActiveCfg = Release|Any CPU
		{EA9A8E85-172C-4CAE-8C6B-50A6BF50E529}.AppStore|Any CPU.Build.0 = Release|Any CPU
		{EA9A8E85-172C-4CAE-8C6B-50A6BF50E529}.AppStore|Any CPU.Deploy.0 = Release|Any CPU
		{EA9A8E85-172C-4CAE-8C6B-50A6BF50E529}.AppStore|ARM.ActiveCfg = Release|ARM
		{EA9A8E85-172C-4CAE-8C6B-50A6BF50E529}.AppStore|ARM.Build.0 = Release|ARM
		{EA9A8E85-172C-4CAE-8C6B-50A6BF50E529}.AppStore|ARM.Deploy.0 = Release|ARM
		{EA9A8E85-172C-4CAE-8C6B-50A6BF50E529}.AppStore|iPhone.ActiveCfg = Release|Any CPU
		{EA9A8E85-172C-4CAE-8C6B-50A6BF50E529}.AppStore|iPhoneSimulator.ActiveCfg = Release|Any CPU
		{EA9A8E85-172C-4CAE-8C6B-50A6BF50E529}.AppStore|Mixed Platforms.ActiveCfg = Release|x86
		{EA9A8E85-172C-4CAE-8C6B-50A6BF50E529}.AppStore|Mixed Platforms.Build.0 = Release|x86
		{EA9A8E85-172C-4CAE-8C6B-50A6BF50E529}.AppStore|Mixed Platforms.Deploy.0 = Release|x86
		{EA9A8E85-172C-4CAE-8C6B-50A6BF50E529}.AppStore|x64.ActiveCfg = Debug|Any CPU
		{EA9A8E85-172C-4CAE-8C6B-50A6BF50E529}.AppStore|x86.ActiveCfg = Release|x86
		{EA9A8E85-172C-4CAE-8C6B-50A6BF50E529}.AppStore|x86.Build.0 = Release|x86
		{EA9A8E85-172C-4CAE-8C6B-50A6BF50E529}.AppStore|x86.Deploy.0 = Release|x86
		{EA9A8E85-172C-4CAE-8C6B-50A6BF50E529}.Debug|Any CPU.ActiveCfg = Debug|Any CPU
		{EA9A8E85-172C-4CAE-8C6B-50A6BF50E529}.Debug|Any CPU.Build.0 = Debug|Any CPU
		{EA9A8E85-172C-4CAE-8C6B-50A6BF50E529}.Debug|Any CPU.Deploy.0 = Debug|Any CPU
		{EA9A8E85-172C-4CAE-8C6B-50A6BF50E529}.Debug|ARM.ActiveCfg = Debug|ARM
		{EA9A8E85-172C-4CAE-8C6B-50A6BF50E529}.Debug|ARM.Build.0 = Debug|ARM
		{EA9A8E85-172C-4CAE-8C6B-50A6BF50E529}.Debug|ARM.Deploy.0 = Debug|ARM
		{EA9A8E85-172C-4CAE-8C6B-50A6BF50E529}.Debug|iPhone.ActiveCfg = Debug|Any CPU
		{EA9A8E85-172C-4CAE-8C6B-50A6BF50E529}.Debug|iPhoneSimulator.ActiveCfg = Debug|Any CPU
		{EA9A8E85-172C-4CAE-8C6B-50A6BF50E529}.Debug|Mixed Platforms.ActiveCfg = Debug|x86
		{EA9A8E85-172C-4CAE-8C6B-50A6BF50E529}.Debug|Mixed Platforms.Build.0 = Debug|x86
		{EA9A8E85-172C-4CAE-8C6B-50A6BF50E529}.Debug|Mixed Platforms.Deploy.0 = Debug|x86
		{EA9A8E85-172C-4CAE-8C6B-50A6BF50E529}.Debug|x64.ActiveCfg = Debug|Any CPU
		{EA9A8E85-172C-4CAE-8C6B-50A6BF50E529}.Debug|x86.ActiveCfg = Debug|x86
		{EA9A8E85-172C-4CAE-8C6B-50A6BF50E529}.Debug|x86.Build.0 = Debug|x86
		{EA9A8E85-172C-4CAE-8C6B-50A6BF50E529}.Debug|x86.Deploy.0 = Debug|x86
		{EA9A8E85-172C-4CAE-8C6B-50A6BF50E529}.Release|Any CPU.ActiveCfg = Release|Any CPU
		{EA9A8E85-172C-4CAE-8C6B-50A6BF50E529}.Release|Any CPU.Build.0 = Release|Any CPU
		{EA9A8E85-172C-4CAE-8C6B-50A6BF50E529}.Release|Any CPU.Deploy.0 = Release|Any CPU
		{EA9A8E85-172C-4CAE-8C6B-50A6BF50E529}.Release|ARM.ActiveCfg = Release|ARM
		{EA9A8E85-172C-4CAE-8C6B-50A6BF50E529}.Release|ARM.Build.0 = Release|ARM
		{EA9A8E85-172C-4CAE-8C6B-50A6BF50E529}.Release|ARM.Deploy.0 = Release|ARM
		{EA9A8E85-172C-4CAE-8C6B-50A6BF50E529}.Release|iPhone.ActiveCfg = Release|Any CPU
		{EA9A8E85-172C-4CAE-8C6B-50A6BF50E529}.Release|iPhoneSimulator.ActiveCfg = Release|Any CPU
		{EA9A8E85-172C-4CAE-8C6B-50A6BF50E529}.Release|Mixed Platforms.ActiveCfg = Release|x86
		{EA9A8E85-172C-4CAE-8C6B-50A6BF50E529}.Release|Mixed Platforms.Build.0 = Release|x86
		{EA9A8E85-172C-4CAE-8C6B-50A6BF50E529}.Release|Mixed Platforms.Deploy.0 = Release|x86
		{EA9A8E85-172C-4CAE-8C6B-50A6BF50E529}.Release|x64.ActiveCfg = Release|Any CPU
		{EA9A8E85-172C-4CAE-8C6B-50A6BF50E529}.Release|x86.ActiveCfg = Release|x86
		{EA9A8E85-172C-4CAE-8C6B-50A6BF50E529}.Release|x86.Build.0 = Release|x86
		{EA9A8E85-172C-4CAE-8C6B-50A6BF50E529}.Release|x86.Deploy.0 = Release|x86
		{480FBB73-28F7-494C-BD2E-7588EB9ED68D}.Ad-Hoc|Any CPU.ActiveCfg = Release|Any CPU
		{480FBB73-28F7-494C-BD2E-7588EB9ED68D}.Ad-Hoc|Any CPU.Build.0 = Release|Any CPU
		{480FBB73-28F7-494C-BD2E-7588EB9ED68D}.Ad-Hoc|Any CPU.Deploy.0 = Release|Any CPU
		{480FBB73-28F7-494C-BD2E-7588EB9ED68D}.Ad-Hoc|ARM.ActiveCfg = Release|ARM
		{480FBB73-28F7-494C-BD2E-7588EB9ED68D}.Ad-Hoc|ARM.Build.0 = Release|ARM
		{480FBB73-28F7-494C-BD2E-7588EB9ED68D}.Ad-Hoc|ARM.Deploy.0 = Release|ARM
		{480FBB73-28F7-494C-BD2E-7588EB9ED68D}.Ad-Hoc|iPhone.ActiveCfg = Release|Any CPU
		{480FBB73-28F7-494C-BD2E-7588EB9ED68D}.Ad-Hoc|iPhone.Build.0 = Release|Any CPU
		{480FBB73-28F7-494C-BD2E-7588EB9ED68D}.Ad-Hoc|iPhone.Deploy.0 = Release|Any CPU
		{480FBB73-28F7-494C-BD2E-7588EB9ED68D}.Ad-Hoc|iPhoneSimulator.ActiveCfg = Release|Any CPU
		{480FBB73-28F7-494C-BD2E-7588EB9ED68D}.Ad-Hoc|iPhoneSimulator.Build.0 = Release|Any CPU
		{480FBB73-28F7-494C-BD2E-7588EB9ED68D}.Ad-Hoc|iPhoneSimulator.Deploy.0 = Release|Any CPU
		{480FBB73-28F7-494C-BD2E-7588EB9ED68D}.Ad-Hoc|Mixed Platforms.ActiveCfg = Release|x86
		{480FBB73-28F7-494C-BD2E-7588EB9ED68D}.Ad-Hoc|Mixed Platforms.Build.0 = Release|x86
		{480FBB73-28F7-494C-BD2E-7588EB9ED68D}.Ad-Hoc|Mixed Platforms.Deploy.0 = Release|x86
		{480FBB73-28F7-494C-BD2E-7588EB9ED68D}.Ad-Hoc|x64.ActiveCfg = Release|x64
		{480FBB73-28F7-494C-BD2E-7588EB9ED68D}.Ad-Hoc|x64.Build.0 = Release|x64
		{480FBB73-28F7-494C-BD2E-7588EB9ED68D}.Ad-Hoc|x64.Deploy.0 = Release|x64
		{480FBB73-28F7-494C-BD2E-7588EB9ED68D}.Ad-Hoc|x86.ActiveCfg = Release|x86
		{480FBB73-28F7-494C-BD2E-7588EB9ED68D}.Ad-Hoc|x86.Build.0 = Release|x86
		{480FBB73-28F7-494C-BD2E-7588EB9ED68D}.Ad-Hoc|x86.Deploy.0 = Release|x86
		{480FBB73-28F7-494C-BD2E-7588EB9ED68D}.AppStore|Any CPU.ActiveCfg = Release|Any CPU
		{480FBB73-28F7-494C-BD2E-7588EB9ED68D}.AppStore|Any CPU.Build.0 = Release|Any CPU
		{480FBB73-28F7-494C-BD2E-7588EB9ED68D}.AppStore|Any CPU.Deploy.0 = Release|Any CPU
		{480FBB73-28F7-494C-BD2E-7588EB9ED68D}.AppStore|ARM.ActiveCfg = Release|ARM
		{480FBB73-28F7-494C-BD2E-7588EB9ED68D}.AppStore|ARM.Build.0 = Release|ARM
		{480FBB73-28F7-494C-BD2E-7588EB9ED68D}.AppStore|ARM.Deploy.0 = Release|ARM
		{480FBB73-28F7-494C-BD2E-7588EB9ED68D}.AppStore|iPhone.ActiveCfg = Release|Any CPU
		{480FBB73-28F7-494C-BD2E-7588EB9ED68D}.AppStore|iPhone.Build.0 = Release|Any CPU
		{480FBB73-28F7-494C-BD2E-7588EB9ED68D}.AppStore|iPhone.Deploy.0 = Release|Any CPU
		{480FBB73-28F7-494C-BD2E-7588EB9ED68D}.AppStore|iPhoneSimulator.ActiveCfg = Release|Any CPU
		{480FBB73-28F7-494C-BD2E-7588EB9ED68D}.AppStore|iPhoneSimulator.Build.0 = Release|Any CPU
		{480FBB73-28F7-494C-BD2E-7588EB9ED68D}.AppStore|iPhoneSimulator.Deploy.0 = Release|Any CPU
		{480FBB73-28F7-494C-BD2E-7588EB9ED68D}.AppStore|Mixed Platforms.ActiveCfg = Release|x86
		{480FBB73-28F7-494C-BD2E-7588EB9ED68D}.AppStore|Mixed Platforms.Build.0 = Release|x86
		{480FBB73-28F7-494C-BD2E-7588EB9ED68D}.AppStore|Mixed Platforms.Deploy.0 = Release|x86
		{480FBB73-28F7-494C-BD2E-7588EB9ED68D}.AppStore|x64.ActiveCfg = Release|x64
		{480FBB73-28F7-494C-BD2E-7588EB9ED68D}.AppStore|x64.Build.0 = Release|x64
		{480FBB73-28F7-494C-BD2E-7588EB9ED68D}.AppStore|x64.Deploy.0 = Release|x64
		{480FBB73-28F7-494C-BD2E-7588EB9ED68D}.AppStore|x86.ActiveCfg = Release|x86
		{480FBB73-28F7-494C-BD2E-7588EB9ED68D}.AppStore|x86.Build.0 = Release|x86
		{480FBB73-28F7-494C-BD2E-7588EB9ED68D}.AppStore|x86.Deploy.0 = Release|x86
		{480FBB73-28F7-494C-BD2E-7588EB9ED68D}.Debug|Any CPU.ActiveCfg = Debug|Any CPU
		{480FBB73-28F7-494C-BD2E-7588EB9ED68D}.Debug|Any CPU.Build.0 = Debug|Any CPU
		{480FBB73-28F7-494C-BD2E-7588EB9ED68D}.Debug|Any CPU.Deploy.0 = Debug|Any CPU
		{480FBB73-28F7-494C-BD2E-7588EB9ED68D}.Debug|ARM.ActiveCfg = Debug|ARM
		{480FBB73-28F7-494C-BD2E-7588EB9ED68D}.Debug|ARM.Build.0 = Debug|ARM
		{480FBB73-28F7-494C-BD2E-7588EB9ED68D}.Debug|ARM.Deploy.0 = Debug|ARM
		{480FBB73-28F7-494C-BD2E-7588EB9ED68D}.Debug|iPhone.ActiveCfg = Debug|Any CPU
		{480FBB73-28F7-494C-BD2E-7588EB9ED68D}.Debug|iPhone.Build.0 = Debug|Any CPU
		{480FBB73-28F7-494C-BD2E-7588EB9ED68D}.Debug|iPhone.Deploy.0 = Debug|Any CPU
		{480FBB73-28F7-494C-BD2E-7588EB9ED68D}.Debug|iPhoneSimulator.ActiveCfg = Debug|Any CPU
		{480FBB73-28F7-494C-BD2E-7588EB9ED68D}.Debug|iPhoneSimulator.Build.0 = Debug|Any CPU
		{480FBB73-28F7-494C-BD2E-7588EB9ED68D}.Debug|iPhoneSimulator.Deploy.0 = Debug|Any CPU
		{480FBB73-28F7-494C-BD2E-7588EB9ED68D}.Debug|Mixed Platforms.ActiveCfg = Debug|x86
		{480FBB73-28F7-494C-BD2E-7588EB9ED68D}.Debug|Mixed Platforms.Build.0 = Debug|x86
		{480FBB73-28F7-494C-BD2E-7588EB9ED68D}.Debug|Mixed Platforms.Deploy.0 = Debug|x86
		{480FBB73-28F7-494C-BD2E-7588EB9ED68D}.Debug|x64.ActiveCfg = Debug|x64
		{480FBB73-28F7-494C-BD2E-7588EB9ED68D}.Debug|x64.Build.0 = Debug|x64
		{480FBB73-28F7-494C-BD2E-7588EB9ED68D}.Debug|x64.Deploy.0 = Debug|x64
		{480FBB73-28F7-494C-BD2E-7588EB9ED68D}.Debug|x86.ActiveCfg = Debug|x86
		{480FBB73-28F7-494C-BD2E-7588EB9ED68D}.Debug|x86.Build.0 = Debug|x86
		{480FBB73-28F7-494C-BD2E-7588EB9ED68D}.Debug|x86.Deploy.0 = Debug|x86
		{480FBB73-28F7-494C-BD2E-7588EB9ED68D}.Release|Any CPU.ActiveCfg = Release|Any CPU
		{480FBB73-28F7-494C-BD2E-7588EB9ED68D}.Release|Any CPU.Build.0 = Release|Any CPU
		{480FBB73-28F7-494C-BD2E-7588EB9ED68D}.Release|Any CPU.Deploy.0 = Release|Any CPU
		{480FBB73-28F7-494C-BD2E-7588EB9ED68D}.Release|ARM.ActiveCfg = Release|ARM
		{480FBB73-28F7-494C-BD2E-7588EB9ED68D}.Release|ARM.Build.0 = Release|ARM
		{480FBB73-28F7-494C-BD2E-7588EB9ED68D}.Release|ARM.Deploy.0 = Release|ARM
		{480FBB73-28F7-494C-BD2E-7588EB9ED68D}.Release|iPhone.ActiveCfg = Release|Any CPU
		{480FBB73-28F7-494C-BD2E-7588EB9ED68D}.Release|iPhone.Build.0 = Release|Any CPU
		{480FBB73-28F7-494C-BD2E-7588EB9ED68D}.Release|iPhone.Deploy.0 = Release|Any CPU
		{480FBB73-28F7-494C-BD2E-7588EB9ED68D}.Release|iPhoneSimulator.ActiveCfg = Release|Any CPU
		{480FBB73-28F7-494C-BD2E-7588EB9ED68D}.Release|iPhoneSimulator.Build.0 = Release|Any CPU
		{480FBB73-28F7-494C-BD2E-7588EB9ED68D}.Release|iPhoneSimulator.Deploy.0 = Release|Any CPU
		{480FBB73-28F7-494C-BD2E-7588EB9ED68D}.Release|Mixed Platforms.ActiveCfg = Release|x86
		{480FBB73-28F7-494C-BD2E-7588EB9ED68D}.Release|Mixed Platforms.Build.0 = Release|x86
		{480FBB73-28F7-494C-BD2E-7588EB9ED68D}.Release|Mixed Platforms.Deploy.0 = Release|x86
		{480FBB73-28F7-494C-BD2E-7588EB9ED68D}.Release|x64.ActiveCfg = Release|x64
		{480FBB73-28F7-494C-BD2E-7588EB9ED68D}.Release|x64.Build.0 = Release|x64
		{480FBB73-28F7-494C-BD2E-7588EB9ED68D}.Release|x64.Deploy.0 = Release|x64
		{480FBB73-28F7-494C-BD2E-7588EB9ED68D}.Release|x86.ActiveCfg = Release|x86
		{480FBB73-28F7-494C-BD2E-7588EB9ED68D}.Release|x86.Build.0 = Release|x86
		{480FBB73-28F7-494C-BD2E-7588EB9ED68D}.Release|x86.Deploy.0 = Release|x86
		{C2EAE0C5-61F4-4601-B672-410B561637CF}.Ad-Hoc|Any CPU.ActiveCfg = Release|Any CPU
		{C2EAE0C5-61F4-4601-B672-410B561637CF}.Ad-Hoc|Any CPU.Build.0 = Release|Any CPU
		{C2EAE0C5-61F4-4601-B672-410B561637CF}.Ad-Hoc|Any CPU.Deploy.0 = Release|Any CPU
		{C2EAE0C5-61F4-4601-B672-410B561637CF}.Ad-Hoc|ARM.ActiveCfg = Release|ARM
		{C2EAE0C5-61F4-4601-B672-410B561637CF}.Ad-Hoc|ARM.Build.0 = Release|ARM
		{C2EAE0C5-61F4-4601-B672-410B561637CF}.Ad-Hoc|ARM.Deploy.0 = Release|ARM
		{C2EAE0C5-61F4-4601-B672-410B561637CF}.Ad-Hoc|iPhone.ActiveCfg = Release|Any CPU
		{C2EAE0C5-61F4-4601-B672-410B561637CF}.Ad-Hoc|iPhone.Build.0 = Release|Any CPU
		{C2EAE0C5-61F4-4601-B672-410B561637CF}.Ad-Hoc|iPhone.Deploy.0 = Release|Any CPU
		{C2EAE0C5-61F4-4601-B672-410B561637CF}.Ad-Hoc|iPhoneSimulator.ActiveCfg = Release|Any CPU
		{C2EAE0C5-61F4-4601-B672-410B561637CF}.Ad-Hoc|iPhoneSimulator.Build.0 = Release|Any CPU
		{C2EAE0C5-61F4-4601-B672-410B561637CF}.Ad-Hoc|iPhoneSimulator.Deploy.0 = Release|Any CPU
		{C2EAE0C5-61F4-4601-B672-410B561637CF}.Ad-Hoc|Mixed Platforms.ActiveCfg = Release|x86
		{C2EAE0C5-61F4-4601-B672-410B561637CF}.Ad-Hoc|Mixed Platforms.Build.0 = Release|x86
		{C2EAE0C5-61F4-4601-B672-410B561637CF}.Ad-Hoc|Mixed Platforms.Deploy.0 = Release|x86
		{C2EAE0C5-61F4-4601-B672-410B561637CF}.Ad-Hoc|x64.ActiveCfg = Release|Any CPU
		{C2EAE0C5-61F4-4601-B672-410B561637CF}.Ad-Hoc|x64.Build.0 = Release|Any CPU
		{C2EAE0C5-61F4-4601-B672-410B561637CF}.Ad-Hoc|x64.Deploy.0 = Release|Any CPU
		{C2EAE0C5-61F4-4601-B672-410B561637CF}.Ad-Hoc|x86.ActiveCfg = Release|x86
		{C2EAE0C5-61F4-4601-B672-410B561637CF}.Ad-Hoc|x86.Build.0 = Release|x86
		{C2EAE0C5-61F4-4601-B672-410B561637CF}.Ad-Hoc|x86.Deploy.0 = Release|x86
		{C2EAE0C5-61F4-4601-B672-410B561637CF}.AppStore|Any CPU.ActiveCfg = Release|Any CPU
		{C2EAE0C5-61F4-4601-B672-410B561637CF}.AppStore|Any CPU.Build.0 = Release|Any CPU
		{C2EAE0C5-61F4-4601-B672-410B561637CF}.AppStore|Any CPU.Deploy.0 = Release|Any CPU
		{C2EAE0C5-61F4-4601-B672-410B561637CF}.AppStore|ARM.ActiveCfg = Release|ARM
		{C2EAE0C5-61F4-4601-B672-410B561637CF}.AppStore|ARM.Build.0 = Release|ARM
		{C2EAE0C5-61F4-4601-B672-410B561637CF}.AppStore|ARM.Deploy.0 = Release|ARM
		{C2EAE0C5-61F4-4601-B672-410B561637CF}.AppStore|iPhone.ActiveCfg = Release|Any CPU
		{C2EAE0C5-61F4-4601-B672-410B561637CF}.AppStore|iPhone.Build.0 = Release|Any CPU
		{C2EAE0C5-61F4-4601-B672-410B561637CF}.AppStore|iPhone.Deploy.0 = Release|Any CPU
		{C2EAE0C5-61F4-4601-B672-410B561637CF}.AppStore|iPhoneSimulator.ActiveCfg = Release|Any CPU
		{C2EAE0C5-61F4-4601-B672-410B561637CF}.AppStore|iPhoneSimulator.Build.0 = Release|Any CPU
		{C2EAE0C5-61F4-4601-B672-410B561637CF}.AppStore|iPhoneSimulator.Deploy.0 = Release|Any CPU
		{C2EAE0C5-61F4-4601-B672-410B561637CF}.AppStore|Mixed Platforms.ActiveCfg = Release|x86
		{C2EAE0C5-61F4-4601-B672-410B561637CF}.AppStore|Mixed Platforms.Build.0 = Release|x86
		{C2EAE0C5-61F4-4601-B672-410B561637CF}.AppStore|Mixed Platforms.Deploy.0 = Release|x86
		{C2EAE0C5-61F4-4601-B672-410B561637CF}.AppStore|x64.ActiveCfg = Release|Any CPU
		{C2EAE0C5-61F4-4601-B672-410B561637CF}.AppStore|x64.Build.0 = Release|Any CPU
		{C2EAE0C5-61F4-4601-B672-410B561637CF}.AppStore|x64.Deploy.0 = Release|Any CPU
		{C2EAE0C5-61F4-4601-B672-410B561637CF}.AppStore|x86.ActiveCfg = Release|x86
		{C2EAE0C5-61F4-4601-B672-410B561637CF}.AppStore|x86.Build.0 = Release|x86
		{C2EAE0C5-61F4-4601-B672-410B561637CF}.AppStore|x86.Deploy.0 = Release|x86
		{C2EAE0C5-61F4-4601-B672-410B561637CF}.Debug|Any CPU.ActiveCfg = Debug|Any CPU
		{C2EAE0C5-61F4-4601-B672-410B561637CF}.Debug|Any CPU.Build.0 = Debug|Any CPU
		{C2EAE0C5-61F4-4601-B672-410B561637CF}.Debug|Any CPU.Deploy.0 = Debug|Any CPU
		{C2EAE0C5-61F4-4601-B672-410B561637CF}.Debug|ARM.ActiveCfg = Debug|ARM
		{C2EAE0C5-61F4-4601-B672-410B561637CF}.Debug|ARM.Build.0 = Debug|ARM
		{C2EAE0C5-61F4-4601-B672-410B561637CF}.Debug|ARM.Deploy.0 = Debug|ARM
		{C2EAE0C5-61F4-4601-B672-410B561637CF}.Debug|iPhone.ActiveCfg = Debug|Any CPU
		{C2EAE0C5-61F4-4601-B672-410B561637CF}.Debug|iPhone.Build.0 = Debug|Any CPU
		{C2EAE0C5-61F4-4601-B672-410B561637CF}.Debug|iPhone.Deploy.0 = Debug|Any CPU
		{C2EAE0C5-61F4-4601-B672-410B561637CF}.Debug|iPhoneSimulator.ActiveCfg = Debug|Any CPU
		{C2EAE0C5-61F4-4601-B672-410B561637CF}.Debug|iPhoneSimulator.Build.0 = Debug|Any CPU
		{C2EAE0C5-61F4-4601-B672-410B561637CF}.Debug|iPhoneSimulator.Deploy.0 = Debug|Any CPU
		{C2EAE0C5-61F4-4601-B672-410B561637CF}.Debug|Mixed Platforms.ActiveCfg = Debug|x86
		{C2EAE0C5-61F4-4601-B672-410B561637CF}.Debug|Mixed Platforms.Build.0 = Debug|x86
		{C2EAE0C5-61F4-4601-B672-410B561637CF}.Debug|Mixed Platforms.Deploy.0 = Debug|x86
		{C2EAE0C5-61F4-4601-B672-410B561637CF}.Debug|x64.ActiveCfg = Debug|Any CPU
		{C2EAE0C5-61F4-4601-B672-410B561637CF}.Debug|x64.Build.0 = Debug|Any CPU
		{C2EAE0C5-61F4-4601-B672-410B561637CF}.Debug|x64.Deploy.0 = Debug|Any CPU
		{C2EAE0C5-61F4-4601-B672-410B561637CF}.Debug|x86.ActiveCfg = Debug|x86
		{C2EAE0C5-61F4-4601-B672-410B561637CF}.Debug|x86.Build.0 = Debug|x86
		{C2EAE0C5-61F4-4601-B672-410B561637CF}.Debug|x86.Deploy.0 = Debug|x86
		{C2EAE0C5-61F4-4601-B672-410B561637CF}.Release|Any CPU.ActiveCfg = Release|Any CPU
		{C2EAE0C5-61F4-4601-B672-410B561637CF}.Release|Any CPU.Build.0 = Release|Any CPU
		{C2EAE0C5-61F4-4601-B672-410B561637CF}.Release|Any CPU.Deploy.0 = Release|Any CPU
		{C2EAE0C5-61F4-4601-B672-410B561637CF}.Release|ARM.ActiveCfg = Release|ARM
		{C2EAE0C5-61F4-4601-B672-410B561637CF}.Release|ARM.Build.0 = Release|ARM
		{C2EAE0C5-61F4-4601-B672-410B561637CF}.Release|ARM.Deploy.0 = Release|ARM
		{C2EAE0C5-61F4-4601-B672-410B561637CF}.Release|iPhone.ActiveCfg = Release|Any CPU
		{C2EAE0C5-61F4-4601-B672-410B561637CF}.Release|iPhone.Build.0 = Release|Any CPU
		{C2EAE0C5-61F4-4601-B672-410B561637CF}.Release|iPhone.Deploy.0 = Release|Any CPU
		{C2EAE0C5-61F4-4601-B672-410B561637CF}.Release|iPhoneSimulator.ActiveCfg = Release|Any CPU
		{C2EAE0C5-61F4-4601-B672-410B561637CF}.Release|iPhoneSimulator.Build.0 = Release|Any CPU
		{C2EAE0C5-61F4-4601-B672-410B561637CF}.Release|iPhoneSimulator.Deploy.0 = Release|Any CPU
		{C2EAE0C5-61F4-4601-B672-410B561637CF}.Release|Mixed Platforms.ActiveCfg = Release|x86
		{C2EAE0C5-61F4-4601-B672-410B561637CF}.Release|Mixed Platforms.Build.0 = Release|x86
		{C2EAE0C5-61F4-4601-B672-410B561637CF}.Release|Mixed Platforms.Deploy.0 = Release|x86
		{C2EAE0C5-61F4-4601-B672-410B561637CF}.Release|x64.ActiveCfg = Release|Any CPU
		{C2EAE0C5-61F4-4601-B672-410B561637CF}.Release|x64.Build.0 = Release|Any CPU
		{C2EAE0C5-61F4-4601-B672-410B561637CF}.Release|x64.Deploy.0 = Release|Any CPU
		{C2EAE0C5-61F4-4601-B672-410B561637CF}.Release|x86.ActiveCfg = Release|x86
		{C2EAE0C5-61F4-4601-B672-410B561637CF}.Release|x86.Build.0 = Release|x86
		{C2EAE0C5-61F4-4601-B672-410B561637CF}.Release|x86.Deploy.0 = Release|x86
		{266B4BC1-65ED-457E-8EBB-06BD51FBF152}.Ad-Hoc|Any CPU.ActiveCfg = Release|x86
		{266B4BC1-65ED-457E-8EBB-06BD51FBF152}.Ad-Hoc|Any CPU.Build.0 = Release|x86
		{266B4BC1-65ED-457E-8EBB-06BD51FBF152}.Ad-Hoc|Any CPU.Deploy.0 = Release|x86
		{266B4BC1-65ED-457E-8EBB-06BD51FBF152}.Ad-Hoc|ARM.ActiveCfg = Release|ARM
		{266B4BC1-65ED-457E-8EBB-06BD51FBF152}.Ad-Hoc|ARM.Build.0 = Release|ARM
		{266B4BC1-65ED-457E-8EBB-06BD51FBF152}.Ad-Hoc|ARM.Deploy.0 = Release|ARM
		{266B4BC1-65ED-457E-8EBB-06BD51FBF152}.Ad-Hoc|iPhone.ActiveCfg = Release|x86
		{266B4BC1-65ED-457E-8EBB-06BD51FBF152}.Ad-Hoc|iPhone.Build.0 = Release|x86
		{266B4BC1-65ED-457E-8EBB-06BD51FBF152}.Ad-Hoc|iPhone.Deploy.0 = Release|x86
		{266B4BC1-65ED-457E-8EBB-06BD51FBF152}.Ad-Hoc|iPhoneSimulator.ActiveCfg = Release|x86
		{266B4BC1-65ED-457E-8EBB-06BD51FBF152}.Ad-Hoc|iPhoneSimulator.Build.0 = Release|x86
		{266B4BC1-65ED-457E-8EBB-06BD51FBF152}.Ad-Hoc|iPhoneSimulator.Deploy.0 = Release|x86
		{266B4BC1-65ED-457E-8EBB-06BD51FBF152}.Ad-Hoc|Mixed Platforms.ActiveCfg = Release|x86
		{266B4BC1-65ED-457E-8EBB-06BD51FBF152}.Ad-Hoc|Mixed Platforms.Build.0 = Release|x86
		{266B4BC1-65ED-457E-8EBB-06BD51FBF152}.Ad-Hoc|Mixed Platforms.Deploy.0 = Release|x86
		{266B4BC1-65ED-457E-8EBB-06BD51FBF152}.Ad-Hoc|x64.ActiveCfg = Release|x64
		{266B4BC1-65ED-457E-8EBB-06BD51FBF152}.Ad-Hoc|x64.Build.0 = Release|x64
		{266B4BC1-65ED-457E-8EBB-06BD51FBF152}.Ad-Hoc|x64.Deploy.0 = Release|x64
		{266B4BC1-65ED-457E-8EBB-06BD51FBF152}.Ad-Hoc|x86.ActiveCfg = Release|x86
		{266B4BC1-65ED-457E-8EBB-06BD51FBF152}.Ad-Hoc|x86.Build.0 = Release|x86
		{266B4BC1-65ED-457E-8EBB-06BD51FBF152}.Ad-Hoc|x86.Deploy.0 = Release|x86
		{266B4BC1-65ED-457E-8EBB-06BD51FBF152}.AppStore|Any CPU.ActiveCfg = Release|x86
		{266B4BC1-65ED-457E-8EBB-06BD51FBF152}.AppStore|Any CPU.Build.0 = Release|x86
		{266B4BC1-65ED-457E-8EBB-06BD51FBF152}.AppStore|Any CPU.Deploy.0 = Release|x86
		{266B4BC1-65ED-457E-8EBB-06BD51FBF152}.AppStore|ARM.ActiveCfg = Release|ARM
		{266B4BC1-65ED-457E-8EBB-06BD51FBF152}.AppStore|ARM.Build.0 = Release|ARM
		{266B4BC1-65ED-457E-8EBB-06BD51FBF152}.AppStore|ARM.Deploy.0 = Release|ARM
		{266B4BC1-65ED-457E-8EBB-06BD51FBF152}.AppStore|iPhone.ActiveCfg = Release|x86
		{266B4BC1-65ED-457E-8EBB-06BD51FBF152}.AppStore|iPhone.Build.0 = Release|x86
		{266B4BC1-65ED-457E-8EBB-06BD51FBF152}.AppStore|iPhone.Deploy.0 = Release|x86
		{266B4BC1-65ED-457E-8EBB-06BD51FBF152}.AppStore|iPhoneSimulator.ActiveCfg = Release|x86
		{266B4BC1-65ED-457E-8EBB-06BD51FBF152}.AppStore|iPhoneSimulator.Build.0 = Release|x86
		{266B4BC1-65ED-457E-8EBB-06BD51FBF152}.AppStore|iPhoneSimulator.Deploy.0 = Release|x86
		{266B4BC1-65ED-457E-8EBB-06BD51FBF152}.AppStore|Mixed Platforms.ActiveCfg = Release|x86
		{266B4BC1-65ED-457E-8EBB-06BD51FBF152}.AppStore|Mixed Platforms.Build.0 = Release|x86
		{266B4BC1-65ED-457E-8EBB-06BD51FBF152}.AppStore|Mixed Platforms.Deploy.0 = Release|x86
		{266B4BC1-65ED-457E-8EBB-06BD51FBF152}.AppStore|x64.ActiveCfg = Release|x64
		{266B4BC1-65ED-457E-8EBB-06BD51FBF152}.AppStore|x64.Build.0 = Release|x64
		{266B4BC1-65ED-457E-8EBB-06BD51FBF152}.AppStore|x64.Deploy.0 = Release|x64
		{266B4BC1-65ED-457E-8EBB-06BD51FBF152}.AppStore|x86.ActiveCfg = Release|x86
		{266B4BC1-65ED-457E-8EBB-06BD51FBF152}.AppStore|x86.Build.0 = Release|x86
		{266B4BC1-65ED-457E-8EBB-06BD51FBF152}.AppStore|x86.Deploy.0 = Release|x86
		{266B4BC1-65ED-457E-8EBB-06BD51FBF152}.Debug|Any CPU.ActiveCfg = Debug|x86
		{266B4BC1-65ED-457E-8EBB-06BD51FBF152}.Debug|Any CPU.Build.0 = Debug|x86
		{266B4BC1-65ED-457E-8EBB-06BD51FBF152}.Debug|Any CPU.Deploy.0 = Debug|x86
		{266B4BC1-65ED-457E-8EBB-06BD51FBF152}.Debug|ARM.ActiveCfg = Debug|ARM
		{266B4BC1-65ED-457E-8EBB-06BD51FBF152}.Debug|ARM.Build.0 = Debug|ARM
		{266B4BC1-65ED-457E-8EBB-06BD51FBF152}.Debug|ARM.Deploy.0 = Debug|ARM
		{266B4BC1-65ED-457E-8EBB-06BD51FBF152}.Debug|iPhone.ActiveCfg = Debug|x86
		{266B4BC1-65ED-457E-8EBB-06BD51FBF152}.Debug|iPhoneSimulator.ActiveCfg = Debug|x86
		{266B4BC1-65ED-457E-8EBB-06BD51FBF152}.Debug|Mixed Platforms.ActiveCfg = Debug|x86
		{266B4BC1-65ED-457E-8EBB-06BD51FBF152}.Debug|Mixed Platforms.Build.0 = Debug|x86
		{266B4BC1-65ED-457E-8EBB-06BD51FBF152}.Debug|Mixed Platforms.Deploy.0 = Debug|x86
		{266B4BC1-65ED-457E-8EBB-06BD51FBF152}.Debug|x64.ActiveCfg = Debug|x64
		{266B4BC1-65ED-457E-8EBB-06BD51FBF152}.Debug|x64.Build.0 = Debug|x64
		{266B4BC1-65ED-457E-8EBB-06BD51FBF152}.Debug|x64.Deploy.0 = Debug|x64
		{266B4BC1-65ED-457E-8EBB-06BD51FBF152}.Debug|x86.ActiveCfg = Debug|x86
		{266B4BC1-65ED-457E-8EBB-06BD51FBF152}.Debug|x86.Build.0 = Debug|x86
		{266B4BC1-65ED-457E-8EBB-06BD51FBF152}.Debug|x86.Deploy.0 = Debug|x86
		{266B4BC1-65ED-457E-8EBB-06BD51FBF152}.Release|Any CPU.ActiveCfg = Release|x86
		{266B4BC1-65ED-457E-8EBB-06BD51FBF152}.Release|ARM.ActiveCfg = Release|ARM
		{266B4BC1-65ED-457E-8EBB-06BD51FBF152}.Release|ARM.Build.0 = Release|ARM
		{266B4BC1-65ED-457E-8EBB-06BD51FBF152}.Release|ARM.Deploy.0 = Release|ARM
		{266B4BC1-65ED-457E-8EBB-06BD51FBF152}.Release|iPhone.ActiveCfg = Release|x86
		{266B4BC1-65ED-457E-8EBB-06BD51FBF152}.Release|iPhoneSimulator.ActiveCfg = Release|x86
		{266B4BC1-65ED-457E-8EBB-06BD51FBF152}.Release|Mixed Platforms.ActiveCfg = Release|x86
		{266B4BC1-65ED-457E-8EBB-06BD51FBF152}.Release|Mixed Platforms.Build.0 = Release|x86
		{266B4BC1-65ED-457E-8EBB-06BD51FBF152}.Release|Mixed Platforms.Deploy.0 = Release|x86
		{266B4BC1-65ED-457E-8EBB-06BD51FBF152}.Release|x64.ActiveCfg = Release|x64
		{266B4BC1-65ED-457E-8EBB-06BD51FBF152}.Release|x64.Build.0 = Release|x64
		{266B4BC1-65ED-457E-8EBB-06BD51FBF152}.Release|x64.Deploy.0 = Release|x64
		{266B4BC1-65ED-457E-8EBB-06BD51FBF152}.Release|x86.ActiveCfg = Release|x86
		{266B4BC1-65ED-457E-8EBB-06BD51FBF152}.Release|x86.Build.0 = Release|x86
		{266B4BC1-65ED-457E-8EBB-06BD51FBF152}.Release|x86.Deploy.0 = Release|x86
	EndGlobalSection
	GlobalSection(SolutionProperties) = preSolution
		HideSolutionNode = FALSE
	EndGlobalSection
	GlobalSection(NestedProjects) = preSolution
		{1902913C-BB6F-4CCB-9B90-1D0CAEECAF12} = {205F34F1-DBEC-46B8-A6E5-7C2BAB70DD0C}
		{8B1492F4-6C8C-4342-8157-C7F0E4BDA042} = {205F34F1-DBEC-46B8-A6E5-7C2BAB70DD0C}
		{EA9A8E85-172C-4CAE-8C6B-50A6BF50E529} = {205F34F1-DBEC-46B8-A6E5-7C2BAB70DD0C}
		{480FBB73-28F7-494C-BD2E-7588EB9ED68D} = {205F34F1-DBEC-46B8-A6E5-7C2BAB70DD0C}
		{C2EAE0C5-61F4-4601-B672-410B561637CF} = {205F34F1-DBEC-46B8-A6E5-7C2BAB70DD0C}
		{266B4BC1-65ED-457E-8EBB-06BD51FBF152} = {205F34F1-DBEC-46B8-A6E5-7C2BAB70DD0C}
	EndGlobalSection
EndGlobal
